
Microsoft Visual Studio Solution File, Format Version 12.00
# Visual Studio Version 16
VisualStudioVersion = 16.6.30114.105
MinimumVisualStudioVersion = 10.0.40219.1
Project("{2150E333-8FDC-42A3-9474-1A3956D46DE8}") = "src", "src", "{D2F465A6-ED9E-4001-A68F-5C451624729A}"
EndProject
Project("{2150E333-8FDC-42A3-9474-1A3956D46DE8}") = "Core", "Core", "{D3771FA2-58DE-4F46-8EA5-9B18E05E00F2}"
EndProject
Project("{FAE04EC0-301F-11D3-BF4B-00C04F79EFBC}") = "Finance.Domain", "src\Core\Finance.Domain\Finance.Domain.csproj", "{30F152DB-13FF-4B65-B4BC-02A4F0C54CEF}"
EndProject
Project("{FAE04EC0-301F-11D3-BF4B-00C04F79EFBC}") = "Finance.DomainCore", "src\Core\Finance.DomainCore\Finance.DomainCore.csproj", "{6967A05C-22BC-4DDC-AF97-87DEBFD64552}"
EndProject
Project("{2150E333-8FDC-42A3-9474-1A3956D46DE8}") = "Shared", "Shared", "{01DB5D07-99CE-4F96-A311-DB88099D8114}"
EndProject
Project("{FAE04EC0-301F-11D3-BF4B-00C04F79EFBC}") = "Finance.Shared", "src\Shared\Finance.Shared\Finance.Shared.csproj", "{E904BE4E-C301-4D0C-B552-24D00D722650}"
EndProject
Project("{2150E333-8FDC-42A3-9474-1A3956D46DE8}") = "Application", "Application", "{8B0B01CB-6D61-4F27-994E-E9CBFBDAE095}"
EndProject
Project("{FAE04EC0-301F-11D3-BF4B-00C04F79EFBC}") = "Finance.AppService", "src\Application\Finance.AppService\Finance.AppService.csproj", "{7C41F60D-F94C-4310-A47D-7B7A85665139}"
EndProject
Project("{FAE04EC0-301F-11D3-BF4B-00C04F79EFBC}") = "Finance.AppService.Implementation", "src\Application\Finance.AppService.Implementation\Finance.AppService.Implementation.csproj", "{5354B57C-75DA-42B0-8DEE-20A98AAE8AB4}"
EndProject
Global
	GlobalSection(SolutionConfigurationPlatforms) = preSolution
		Debug|Any CPU = Debug|Any CPU
		Debug|x64 = Debug|x64
		Debug|x86 = Debug|x86
		Release|Any CPU = Release|Any CPU
		Release|x64 = Release|x64
		Release|x86 = Release|x86
	EndGlobalSection
	GlobalSection(SolutionProperties) = preSolution
		HideSolutionNode = FALSE
	EndGlobalSection
	GlobalSection(ProjectConfigurationPlatforms) = postSolution
		{30F152DB-13FF-4B65-B4BC-02A4F0C54CEF}.Debug|Any CPU.ActiveCfg = Debug|Any CPU
		{30F152DB-13FF-4B65-B4BC-02A4F0C54CEF}.Debug|Any CPU.Build.0 = Debug|Any CPU
		{30F152DB-13FF-4B65-B4BC-02A4F0C54CEF}.Debug|x64.ActiveCfg = Debug|Any CPU
		{30F152DB-13FF-4B65-B4BC-02A4F0C54CEF}.Debug|x64.Build.0 = Debug|Any CPU
		{30F152DB-13FF-4B65-B4BC-02A4F0C54CEF}.Debug|x86.ActiveCfg = Debug|Any CPU
		{30F152DB-13FF-4B65-B4BC-02A4F0C54CEF}.Debug|x86.Build.0 = Debug|Any CPU
		{30F152DB-13FF-4B65-B4BC-02A4F0C54CEF}.Release|Any CPU.ActiveCfg = Release|Any CPU
		{30F152DB-13FF-4B65-B4BC-02A4F0C54CEF}.Release|Any CPU.Build.0 = Release|Any CPU
		{30F152DB-13FF-4B65-B4BC-02A4F0C54CEF}.Release|x64.ActiveCfg = Release|Any CPU
		{30F152DB-13FF-4B65-B4BC-02A4F0C54CEF}.Release|x64.Build.0 = Release|Any CPU
		{30F152DB-13FF-4B65-B4BC-02A4F0C54CEF}.Release|x86.ActiveCfg = Release|Any CPU
		{30F152DB-13FF-4B65-B4BC-02A4F0C54CEF}.Release|x86.Build.0 = Release|Any CPU
		{6967A05C-22BC-4DDC-AF97-87DEBFD64552}.Debug|Any CPU.ActiveCfg = Debug|Any CPU
		{6967A05C-22BC-4DDC-AF97-87DEBFD64552}.Debug|Any CPU.Build.0 = Debug|Any CPU
		{6967A05C-22BC-4DDC-AF97-87DEBFD64552}.Debug|x64.ActiveCfg = Debug|Any CPU
		{6967A05C-22BC-4DDC-AF97-87DEBFD64552}.Debug|x64.Build.0 = Debug|Any CPU
		{6967A05C-22BC-4DDC-AF97-87DEBFD64552}.Debug|x86.ActiveCfg = Debug|Any CPU
		{6967A05C-22BC-4DDC-AF97-87DEBFD64552}.Debug|x86.Build.0 = Debug|Any CPU
		{6967A05C-22BC-4DDC-AF97-87DEBFD64552}.Release|Any CPU.ActiveCfg = Release|Any CPU
		{6967A05C-22BC-4DDC-AF97-87DEBFD64552}.Release|Any CPU.Build.0 = Release|Any CPU
		{6967A05C-22BC-4DDC-AF97-87DEBFD64552}.Release|x64.ActiveCfg = Release|Any CPU
		{6967A05C-22BC-4DDC-AF97-87DEBFD64552}.Release|x64.Build.0 = Release|Any CPU
		{6967A05C-22BC-4DDC-AF97-87DEBFD64552}.Release|x86.ActiveCfg = Release|Any CPU
		{6967A05C-22BC-4DDC-AF97-87DEBFD64552}.Release|x86.Build.0 = Release|Any CPU
		{E904BE4E-C301-4D0C-B552-24D00D722650}.Debug|Any CPU.ActiveCfg = Debug|Any CPU
		{E904BE4E-C301-4D0C-B552-24D00D722650}.Debug|Any CPU.Build.0 = Debug|Any CPU
		{E904BE4E-C301-4D0C-B552-24D00D722650}.Debug|x64.ActiveCfg = Debug|Any CPU
		{E904BE4E-C301-4D0C-B552-24D00D722650}.Debug|x64.Build.0 = Debug|Any CPU
		{E904BE4E-C301-4D0C-B552-24D00D722650}.Debug|x86.ActiveCfg = Debug|Any CPU
		{E904BE4E-C301-4D0C-B552-24D00D722650}.Debug|x86.Build.0 = Debug|Any CPU
		{E904BE4E-C301-4D0C-B552-24D00D722650}.Release|Any CPU.ActiveCfg = Release|Any CPU
		{E904BE4E-C301-4D0C-B552-24D00D722650}.Release|Any CPU.Build.0 = Release|Any CPU
		{E904BE4E-C301-4D0C-B552-24D00D722650}.Release|x64.ActiveCfg = Release|Any CPU
		{E904BE4E-C301-4D0C-B552-24D00D722650}.Release|x64.Build.0 = Release|Any CPU
		{E904BE4E-C301-4D0C-B552-24D00D722650}.Release|x86.ActiveCfg = Release|Any CPU
		{E904BE4E-C301-4D0C-B552-24D00D722650}.Release|x86.Build.0 = Release|Any CPU
		{7C41F60D-F94C-4310-A47D-7B7A85665139}.Debug|Any CPU.ActiveCfg = Debug|Any CPU
		{7C41F60D-F94C-4310-A47D-7B7A85665139}.Debug|Any CPU.Build.0 = Debug|Any CPU
		{7C41F60D-F94C-4310-A47D-7B7A85665139}.Debug|x64.ActiveCfg = Debug|Any CPU
		{7C41F60D-F94C-4310-A47D-7B7A85665139}.Debug|x64.Build.0 = Debug|Any CPU
		{7C41F60D-F94C-4310-A47D-7B7A85665139}.Debug|x86.ActiveCfg = Debug|Any CPU
		{7C41F60D-F94C-4310-A47D-7B7A85665139}.Debug|x86.Build.0 = Debug|Any CPU
		{7C41F60D-F94C-4310-A47D-7B7A85665139}.Release|Any CPU.ActiveCfg = Release|Any CPU
		{7C41F60D-F94C-4310-A47D-7B7A85665139}.Release|Any CPU.Build.0 = Release|Any CPU
		{7C41F60D-F94C-4310-A47D-7B7A85665139}.Release|x64.ActiveCfg = Release|Any CPU
		{7C41F60D-F94C-4310-A47D-7B7A85665139}.Release|x64.Build.0 = Release|Any CPU
		{7C41F60D-F94C-4310-A47D-7B7A85665139}.Release|x86.ActiveCfg = Release|Any CPU
		{7C41F60D-F94C-4310-A47D-7B7A85665139}.Release|x86.Build.0 = Release|Any CPU
		{5354B57C-75DA-42B0-8DEE-20A98AAE8AB4}.Debug|Any CPU.ActiveCfg = Debug|Any CPU
		{5354B57C-75DA-42B0-8DEE-20A98AAE8AB4}.Debug|Any CPU.Build.0 = Debug|Any CPU
		{5354B57C-75DA-42B0-8DEE-20A98AAE8AB4}.Debug|x64.ActiveCfg = Debug|Any CPU
		{5354B57C-75DA-42B0-8DEE-20A98AAE8AB4}.Debug|x64.Build.0 = Debug|Any CPU
		{5354B57C-75DA-42B0-8DEE-20A98AAE8AB4}.Debug|x86.ActiveCfg = Debug|Any CPU
		{5354B57C-75DA-42B0-8DEE-20A98AAE8AB4}.Debug|x86.Build.0 = Debug|Any CPU
		{5354B57C-75DA-42B0-8DEE-20A98AAE8AB4}.Release|Any CPU.ActiveCfg = Release|Any CPU
		{5354B57C-75DA-42B0-8DEE-20A98AAE8AB4}.Release|Any CPU.Build.0 = Release|Any CPU
		{5354B57C-75DA-42B0-8DEE-20A98AAE8AB4}.Release|x64.ActiveCfg = Release|Any CPU
		{5354B57C-75DA-42B0-8DEE-20A98AAE8AB4}.Release|x64.Build.0 = Release|Any CPU
		{5354B57C-75DA-42B0-8DEE-20A98AAE8AB4}.Release|x86.ActiveCfg = Release|Any CPU
		{5354B57C-75DA-42B0-8DEE-20A98AAE8AB4}.Release|x86.Build.0 = Release|Any CPU
	EndGlobalSection
	GlobalSection(NestedProjects) = preSolution
		{D3771FA2-58DE-4F46-8EA5-9B18E05E00F2} = {D2F465A6-ED9E-4001-A68F-5C451624729A}
		{30F152DB-13FF-4B65-B4BC-02A4F0C54CEF} = {D3771FA2-58DE-4F46-8EA5-9B18E05E00F2}
		{6967A05C-22BC-4DDC-AF97-87DEBFD64552} = {D3771FA2-58DE-4F46-8EA5-9B18E05E00F2}
		{01DB5D07-99CE-4F96-A311-DB88099D8114} = {D2F465A6-ED9E-4001-A68F-5C451624729A}
		{E904BE4E-C301-4D0C-B552-24D00D722650} = {01DB5D07-99CE-4F96-A311-DB88099D8114}
		{8B0B01CB-6D61-4F27-994E-E9CBFBDAE095} = {D2F465A6-ED9E-4001-A68F-5C451624729A}
		{7C41F60D-F94C-4310-A47D-7B7A85665139} = {8B0B01CB-6D61-4F27-994E-E9CBFBDAE095}
		{5354B57C-75DA-42B0-8DEE-20A98AAE8AB4} = {8B0B01CB-6D61-4F27-994E-E9CBFBDAE095}
	EndGlobalSection
EndGlobal
