
Microsoft Visual Studio Solution File, Format Version 12.00
# Visual Studio Version 16
VisualStudioVersion = 16.0.30413.136
MinimumVisualStudioVersion = 15.0.26124.0
Project("{2150E333-8FDC-42A3-9474-1A3956D46DE8}") = "1-EntryPoints", "1-EntryPoints", "{816B1D9A-2553-4D6C-9E13-8915A621A2AD}"
EndProject
Project("{9A19103F-16F7-4668-BE54-9A1E7A4F7556}") = "GalaxSolution.WebAPI", "GalaxSolution.WebAPI\GalaxSolution.WebAPI.csproj", "{8651AD9E-78A1-4E46-B08F-81092536AF51}"
EndProject
Project("{2150E333-8FDC-42A3-9474-1A3956D46DE8}") = "2-Application", "2-Application", "{B18B634E-B27D-4FE1-9F78-64917FA792A6}"
EndProject
Project("{9A19103F-16F7-4668-BE54-9A1E7A4F7556}") = "GalaxSolution.AppServices.Implementation", "GalaxSolution.AppServices.Implementation\GalaxSolution.AppServices.Implementation.csproj", "{D5794A5F-6FB7-4D89-9E4C-EA75F062A4D4}"
EndProject
Project("{2150E333-8FDC-42A3-9474-1A3956D46DE8}") = "3-Domain", "3-Domain", "{3ED458B1-445B-4C71-82DF-F39D3761D686}"
EndProject
Project("{9A19103F-16F7-4668-BE54-9A1E7A4F7556}") = "GalaxSolution.Service.Contract", "GalaxSolution.Service.Contract\GalaxSolution.Service.Contract.csproj", "{52DA5E6D-0286-40DC-80CE-35244D9C0C69}"
EndProject
Project("{9A19103F-16F7-4668-BE54-9A1E7A4F7556}") = "Galax.Solution.Domain", "Galax.Solution.Domain\Galax.Solution.Domain.csproj", "{DE094A89-C554-4E3A-9529-77BB2F8DDA66}"
EndProject
Project("{9A19103F-16F7-4668-BE54-9A1E7A4F7556}") = "GalaxSolution.Services.Implementation", "GalaxSolution.Services.Implementation\GalaxSolution.Services.Implementation.csproj", "{3BDCB614-E718-44F0-9E4F-46E771B9578F}"
EndProject
Project("{2150E333-8FDC-42A3-9474-1A3956D46DE8}") = "4-Infra", "4-Infra", "{E7DC083D-1D58-497A-B38D-134BDCE640DB}"
EndProject
Project("{2150E333-8FDC-42A3-9474-1A3956D46DE8}") = "4.1-Data", "4.1-Data", "{C4B5C269-1F6C-424D-B430-A060030BB1F3}"
EndProject
Project("{9A19103F-16F7-4668-BE54-9A1E7A4F7556}") = "GalaxSolution.Infrastructure.Data", "GalaxSolution.Infrastructure.Data\GalaxSolution.Infrastructure.Data.csproj", "{6D1D9882-81AC-40B3-A5F7-9B4DC97958AD}"
EndProject
Project("{2150E333-8FDC-42A3-9474-1A3956D46DE8}") = "4.2-CrossCutting", "4.2-CrossCutting", "{127D5A34-FE3A-4C79-9F47-82144B6964A9}"
EndProject
Project("{9A19103F-16F7-4668-BE54-9A1E7A4F7556}") = "GalaxSolution.Infrastructure.CrossCutting.Bus", "GalaxSolution.Infrastructure.CrossCutting.Bus\GalaxSolution.Infrastructure.CrossCutting.Bus.csproj", "{88002699-4740-4780-B8F6-A776C8387689}"
EndProject
Project("{9A19103F-16F7-4668-BE54-9A1E7A4F7556}") = "GalaxSolution.Infrastructure.CrossCutting.Commons", "GalaxSolution.Infrastructure.CrossCutting.Commons\GalaxSolution.Infrastructure.CrossCutting.Commons.csproj", "{7537AE26-D737-45DE-AC63-0EE3A046C15D}"
EndProject
Project("{9A19103F-16F7-4668-BE54-9A1E7A4F7556}") = "GalaxSolution.Infrastructure.CrossCutting.Identity", "GalaxSolution.Infrastructure.CrossCutting.Identity\GalaxSolution.Infrastructure.CrossCutting.Identity.csproj", "{A07C2C3C-F930-423E-BD52-DFD4E8CAD7C8}"
EndProject
Project("{9A19103F-16F7-4668-BE54-9A1E7A4F7556}") = "GalaxSolution.Infrastructure.CrossCutting.IoC", "GalaxSolution.Infrastructure.CrossCutting.IoC\GalaxSolution.Infrastructure.CrossCutting.IoC.csproj", "{90352200-F34C-4BBD-88DE-76F0F4D28360}"
EndProject
Project("{9A19103F-16F7-4668-BE54-9A1E7A4F7556}") = "Galax.Solution.Domain.Core", "Galax.Solution.Domain.Core\Galax.Solution.Domain.Core.csproj", "{75FDECC1-6CC9-4AC0-9FDE-32BD8168B98A}"
EndProject
Project("{9A19103F-16F7-4668-BE54-9A1E7A4F7556}") = "GalaxSolution.AppService.Contracts", "GalaxSolution.AppService.Contracts\GalaxSolution.AppService.Contracts.csproj", "{A03AFB2B-6BD5-413E-88B3-39C18E1AE3E4}"
EndProject
Project("{2150E333-8FDC-42A3-9474-1A3956D46DE8}") = "5-Tests", "5-Tests", "{AA3D2111-12E3-40D2-859B-8399D87D395E}"
EndProject
Project("{2150E333-8FDC-42A3-9474-1A3956D46DE8}") = "APIS", "APIS", "{767183C9-D6D3-479E-BAEC-EB6887D26510}"
EndProject
Project("{FAE04EC0-301F-11D3-BF4B-00C04F79EFBC}") = "CidadeAPITest", "CidadeAPITest\CidadeAPITest.csproj", "{041807D0-7012-45FC-A174-D6F8EE596F1D}"
EndProject
Project("{FAE04EC0-301F-11D3-BF4B-00C04F79EFBC}") = "EstadoAPITest", "EstadoAPITest\EstadoAPITest.csproj", "{5E41780D-BC55-4665-927D-7815BDA2631D}"
EndProject
Project("{FAE04EC0-301F-11D3-BF4B-00C04F79EFBC}") = "PaisAPITest", "PaisAPITest\PaisAPITest.csproj", "{72C32713-EAA7-4A67-81BC-4F9D3BB30586}"
EndProject
Project("{2150E333-8FDC-42A3-9474-1A3956D46DE8}") = "Cidade", "Cidade", "{B16A8439-9B46-42B0-AD0B-DF7C117F6076}"
EndProject
Project("{2150E333-8FDC-42A3-9474-1A3956D46DE8}") = "Estado", "Estado", "{1AA477A3-4ADF-4D39-8FC0-C1B63AB051ED}"
EndProject
Project("{2150E333-8FDC-42A3-9474-1A3956D46DE8}") = "Pais", "Pais", "{A5667EB4-15A6-4072-A745-9EFDC91DD0DE}"
EndProject
Project("{2150E333-8FDC-42A3-9474-1A3956D46DE8}") = "CNPJ", "CNPJ", "{DDEFE642-037E-4317-8336-F7598859773C}"
EndProject
Project("{FAE04EC0-301F-11D3-BF4B-00C04F79EFBC}") = "CNPJAPITest", "CNPJAPITest\CNPJAPITest.csproj", "{853A8160-8A67-45C2-B003-3B75EA38E309}"
EndProject
Project("{2150E333-8FDC-42A3-9474-1A3956D46DE8}") = "CPF", "CPF", "{BF5D7F6B-30F6-44EF-A86E-42B008873639}"
EndProject
Project("{FAE04EC0-301F-11D3-BF4B-00C04F79EFBC}") = "CPFAPITest", "CPFAPITest\CPFAPITest.csproj", "{E3E6DC79-BA5F-4FAF-8D17-236DCD672B5C}"
EndProject
Global
	GlobalSection(SolutionConfigurationPlatforms) = preSolution
		Debug|Any CPU = Debug|Any CPU
		Debug|x64 = Debug|x64
		Debug|x86 = Debug|x86
		Release|Any CPU = Release|Any CPU
		Release|x64 = Release|x64
		Release|x86 = Release|x86
	EndGlobalSection
	GlobalSection(ProjectConfigurationPlatforms) = postSolution
		{8651AD9E-78A1-4E46-B08F-81092536AF51}.Debug|Any CPU.ActiveCfg = Debug|Any CPU
		{8651AD9E-78A1-4E46-B08F-81092536AF51}.Debug|Any CPU.Build.0 = Debug|Any CPU
		{8651AD9E-78A1-4E46-B08F-81092536AF51}.Debug|x64.ActiveCfg = Debug|Any CPU
		{8651AD9E-78A1-4E46-B08F-81092536AF51}.Debug|x64.Build.0 = Debug|Any CPU
		{8651AD9E-78A1-4E46-B08F-81092536AF51}.Debug|x86.ActiveCfg = Debug|Any CPU
		{8651AD9E-78A1-4E46-B08F-81092536AF51}.Debug|x86.Build.0 = Debug|Any CPU
		{8651AD9E-78A1-4E46-B08F-81092536AF51}.Release|Any CPU.ActiveCfg = Release|Any CPU
		{8651AD9E-78A1-4E46-B08F-81092536AF51}.Release|Any CPU.Build.0 = Release|Any CPU
		{8651AD9E-78A1-4E46-B08F-81092536AF51}.Release|x64.ActiveCfg = Release|Any CPU
		{8651AD9E-78A1-4E46-B08F-81092536AF51}.Release|x64.Build.0 = Release|Any CPU
		{8651AD9E-78A1-4E46-B08F-81092536AF51}.Release|x86.ActiveCfg = Release|Any CPU
		{8651AD9E-78A1-4E46-B08F-81092536AF51}.Release|x86.Build.0 = Release|Any CPU
		{D5794A5F-6FB7-4D89-9E4C-EA75F062A4D4}.Debug|Any CPU.ActiveCfg = Debug|Any CPU
		{D5794A5F-6FB7-4D89-9E4C-EA75F062A4D4}.Debug|Any CPU.Build.0 = Debug|Any CPU
		{D5794A5F-6FB7-4D89-9E4C-EA75F062A4D4}.Debug|x64.ActiveCfg = Debug|Any CPU
		{D5794A5F-6FB7-4D89-9E4C-EA75F062A4D4}.Debug|x64.Build.0 = Debug|Any CPU
		{D5794A5F-6FB7-4D89-9E4C-EA75F062A4D4}.Debug|x86.ActiveCfg = Debug|Any CPU
		{D5794A5F-6FB7-4D89-9E4C-EA75F062A4D4}.Debug|x86.Build.0 = Debug|Any CPU
		{D5794A5F-6FB7-4D89-9E4C-EA75F062A4D4}.Release|Any CPU.ActiveCfg = Release|Any CPU
		{D5794A5F-6FB7-4D89-9E4C-EA75F062A4D4}.Release|Any CPU.Build.0 = Release|Any CPU
		{D5794A5F-6FB7-4D89-9E4C-EA75F062A4D4}.Release|x64.ActiveCfg = Release|Any CPU
		{D5794A5F-6FB7-4D89-9E4C-EA75F062A4D4}.Release|x64.Build.0 = Release|Any CPU
		{D5794A5F-6FB7-4D89-9E4C-EA75F062A4D4}.Release|x86.ActiveCfg = Release|Any CPU
		{D5794A5F-6FB7-4D89-9E4C-EA75F062A4D4}.Release|x86.Build.0 = Release|Any CPU
		{52DA5E6D-0286-40DC-80CE-35244D9C0C69}.Debug|Any CPU.ActiveCfg = Debug|Any CPU
		{52DA5E6D-0286-40DC-80CE-35244D9C0C69}.Debug|Any CPU.Build.0 = Debug|Any CPU
		{52DA5E6D-0286-40DC-80CE-35244D9C0C69}.Debug|x64.ActiveCfg = Debug|Any CPU
		{52DA5E6D-0286-40DC-80CE-35244D9C0C69}.Debug|x64.Build.0 = Debug|Any CPU
		{52DA5E6D-0286-40DC-80CE-35244D9C0C69}.Debug|x86.ActiveCfg = Debug|Any CPU
		{52DA5E6D-0286-40DC-80CE-35244D9C0C69}.Debug|x86.Build.0 = Debug|Any CPU
		{52DA5E6D-0286-40DC-80CE-35244D9C0C69}.Release|Any CPU.ActiveCfg = Release|Any CPU
		{52DA5E6D-0286-40DC-80CE-35244D9C0C69}.Release|Any CPU.Build.0 = Release|Any CPU
		{52DA5E6D-0286-40DC-80CE-35244D9C0C69}.Release|x64.ActiveCfg = Release|Any CPU
		{52DA5E6D-0286-40DC-80CE-35244D9C0C69}.Release|x64.Build.0 = Release|Any CPU
		{52DA5E6D-0286-40DC-80CE-35244D9C0C69}.Release|x86.ActiveCfg = Release|Any CPU
		{52DA5E6D-0286-40DC-80CE-35244D9C0C69}.Release|x86.Build.0 = Release|Any CPU
		{DE094A89-C554-4E3A-9529-77BB2F8DDA66}.Debug|Any CPU.ActiveCfg = Debug|Any CPU
		{DE094A89-C554-4E3A-9529-77BB2F8DDA66}.Debug|Any CPU.Build.0 = Debug|Any CPU
		{DE094A89-C554-4E3A-9529-77BB2F8DDA66}.Debug|x64.ActiveCfg = Debug|Any CPU
		{DE094A89-C554-4E3A-9529-77BB2F8DDA66}.Debug|x64.Build.0 = Debug|Any CPU
		{DE094A89-C554-4E3A-9529-77BB2F8DDA66}.Debug|x86.ActiveCfg = Debug|Any CPU
		{DE094A89-C554-4E3A-9529-77BB2F8DDA66}.Debug|x86.Build.0 = Debug|Any CPU
		{DE094A89-C554-4E3A-9529-77BB2F8DDA66}.Release|Any CPU.ActiveCfg = Release|Any CPU
		{DE094A89-C554-4E3A-9529-77BB2F8DDA66}.Release|Any CPU.Build.0 = Release|Any CPU
		{DE094A89-C554-4E3A-9529-77BB2F8DDA66}.Release|x64.ActiveCfg = Release|Any CPU
		{DE094A89-C554-4E3A-9529-77BB2F8DDA66}.Release|x64.Build.0 = Release|Any CPU
		{DE094A89-C554-4E3A-9529-77BB2F8DDA66}.Release|x86.ActiveCfg = Release|Any CPU
		{DE094A89-C554-4E3A-9529-77BB2F8DDA66}.Release|x86.Build.0 = Release|Any CPU
		{3BDCB614-E718-44F0-9E4F-46E771B9578F}.Debug|Any CPU.ActiveCfg = Debug|Any CPU
		{3BDCB614-E718-44F0-9E4F-46E771B9578F}.Debug|Any CPU.Build.0 = Debug|Any CPU
		{3BDCB614-E718-44F0-9E4F-46E771B9578F}.Debug|x64.ActiveCfg = Debug|Any CPU
		{3BDCB614-E718-44F0-9E4F-46E771B9578F}.Debug|x64.Build.0 = Debug|Any CPU
		{3BDCB614-E718-44F0-9E4F-46E771B9578F}.Debug|x86.ActiveCfg = Debug|Any CPU
		{3BDCB614-E718-44F0-9E4F-46E771B9578F}.Debug|x86.Build.0 = Debug|Any CPU
		{3BDCB614-E718-44F0-9E4F-46E771B9578F}.Release|Any CPU.ActiveCfg = Release|Any CPU
		{3BDCB614-E718-44F0-9E4F-46E771B9578F}.Release|Any CPU.Build.0 = Release|Any CPU
		{3BDCB614-E718-44F0-9E4F-46E771B9578F}.Release|x64.ActiveCfg = Release|Any CPU
		{3BDCB614-E718-44F0-9E4F-46E771B9578F}.Release|x64.Build.0 = Release|Any CPU
		{3BDCB614-E718-44F0-9E4F-46E771B9578F}.Release|x86.ActiveCfg = Release|Any CPU
		{3BDCB614-E718-44F0-9E4F-46E771B9578F}.Release|x86.Build.0 = Release|Any CPU
		{6D1D9882-81AC-40B3-A5F7-9B4DC97958AD}.Debug|Any CPU.ActiveCfg = Debug|Any CPU
		{6D1D9882-81AC-40B3-A5F7-9B4DC97958AD}.Debug|Any CPU.Build.0 = Debug|Any CPU
		{6D1D9882-81AC-40B3-A5F7-9B4DC97958AD}.Debug|x64.ActiveCfg = Debug|Any CPU
		{6D1D9882-81AC-40B3-A5F7-9B4DC97958AD}.Debug|x64.Build.0 = Debug|Any CPU
		{6D1D9882-81AC-40B3-A5F7-9B4DC97958AD}.Debug|x86.ActiveCfg = Debug|Any CPU
		{6D1D9882-81AC-40B3-A5F7-9B4DC97958AD}.Debug|x86.Build.0 = Debug|Any CPU
		{6D1D9882-81AC-40B3-A5F7-9B4DC97958AD}.Release|Any CPU.ActiveCfg = Release|Any CPU
		{6D1D9882-81AC-40B3-A5F7-9B4DC97958AD}.Release|Any CPU.Build.0 = Release|Any CPU
		{6D1D9882-81AC-40B3-A5F7-9B4DC97958AD}.Release|x64.ActiveCfg = Release|Any CPU
		{6D1D9882-81AC-40B3-A5F7-9B4DC97958AD}.Release|x64.Build.0 = Release|Any CPU
		{6D1D9882-81AC-40B3-A5F7-9B4DC97958AD}.Release|x86.ActiveCfg = Release|Any CPU
		{6D1D9882-81AC-40B3-A5F7-9B4DC97958AD}.Release|x86.Build.0 = Release|Any CPU
		{88002699-4740-4780-B8F6-A776C8387689}.Debug|Any CPU.ActiveCfg = Debug|Any CPU
		{88002699-4740-4780-B8F6-A776C8387689}.Debug|Any CPU.Build.0 = Debug|Any CPU
		{88002699-4740-4780-B8F6-A776C8387689}.Debug|x64.ActiveCfg = Debug|Any CPU
		{88002699-4740-4780-B8F6-A776C8387689}.Debug|x64.Build.0 = Debug|Any CPU
		{88002699-4740-4780-B8F6-A776C8387689}.Debug|x86.ActiveCfg = Debug|Any CPU
		{88002699-4740-4780-B8F6-A776C8387689}.Debug|x86.Build.0 = Debug|Any CPU
		{88002699-4740-4780-B8F6-A776C8387689}.Release|Any CPU.ActiveCfg = Release|Any CPU
		{88002699-4740-4780-B8F6-A776C8387689}.Release|Any CPU.Build.0 = Release|Any CPU
		{88002699-4740-4780-B8F6-A776C8387689}.Release|x64.ActiveCfg = Release|Any CPU
		{88002699-4740-4780-B8F6-A776C8387689}.Release|x64.Build.0 = Release|Any CPU
		{88002699-4740-4780-B8F6-A776C8387689}.Release|x86.ActiveCfg = Release|Any CPU
		{88002699-4740-4780-B8F6-A776C8387689}.Release|x86.Build.0 = Release|Any CPU
		{7537AE26-D737-45DE-AC63-0EE3A046C15D}.Debug|Any CPU.ActiveCfg = Debug|Any CPU
		{7537AE26-D737-45DE-AC63-0EE3A046C15D}.Debug|Any CPU.Build.0 = Debug|Any CPU
		{7537AE26-D737-45DE-AC63-0EE3A046C15D}.Debug|x64.ActiveCfg = Debug|Any CPU
		{7537AE26-D737-45DE-AC63-0EE3A046C15D}.Debug|x64.Build.0 = Debug|Any CPU
		{7537AE26-D737-45DE-AC63-0EE3A046C15D}.Debug|x86.ActiveCfg = Debug|Any CPU
		{7537AE26-D737-45DE-AC63-0EE3A046C15D}.Debug|x86.Build.0 = Debug|Any CPU
		{7537AE26-D737-45DE-AC63-0EE3A046C15D}.Release|Any CPU.ActiveCfg = Release|Any CPU
		{7537AE26-D737-45DE-AC63-0EE3A046C15D}.Release|Any CPU.Build.0 = Release|Any CPU
		{7537AE26-D737-45DE-AC63-0EE3A046C15D}.Release|x64.ActiveCfg = Release|Any CPU
		{7537AE26-D737-45DE-AC63-0EE3A046C15D}.Release|x64.Build.0 = Release|Any CPU
		{7537AE26-D737-45DE-AC63-0EE3A046C15D}.Release|x86.ActiveCfg = Release|Any CPU
		{7537AE26-D737-45DE-AC63-0EE3A046C15D}.Release|x86.Build.0 = Release|Any CPU
		{A07C2C3C-F930-423E-BD52-DFD4E8CAD7C8}.Debug|Any CPU.ActiveCfg = Debug|Any CPU
		{A07C2C3C-F930-423E-BD52-DFD4E8CAD7C8}.Debug|Any CPU.Build.0 = Debug|Any CPU
		{A07C2C3C-F930-423E-BD52-DFD4E8CAD7C8}.Debug|x64.ActiveCfg = Debug|Any CPU
		{A07C2C3C-F930-423E-BD52-DFD4E8CAD7C8}.Debug|x64.Build.0 = Debug|Any CPU
		{A07C2C3C-F930-423E-BD52-DFD4E8CAD7C8}.Debug|x86.ActiveCfg = Debug|Any CPU
		{A07C2C3C-F930-423E-BD52-DFD4E8CAD7C8}.Debug|x86.Build.0 = Debug|Any CPU
		{A07C2C3C-F930-423E-BD52-DFD4E8CAD7C8}.Release|Any CPU.ActiveCfg = Release|Any CPU
		{A07C2C3C-F930-423E-BD52-DFD4E8CAD7C8}.Release|Any CPU.Build.0 = Release|Any CPU
		{A07C2C3C-F930-423E-BD52-DFD4E8CAD7C8}.Release|x64.ActiveCfg = Release|Any CPU
		{A07C2C3C-F930-423E-BD52-DFD4E8CAD7C8}.Release|x64.Build.0 = Release|Any CPU
		{A07C2C3C-F930-423E-BD52-DFD4E8CAD7C8}.Release|x86.ActiveCfg = Release|Any CPU
		{A07C2C3C-F930-423E-BD52-DFD4E8CAD7C8}.Release|x86.Build.0 = Release|Any CPU
		{90352200-F34C-4BBD-88DE-76F0F4D28360}.Debug|Any CPU.ActiveCfg = Debug|Any CPU
		{90352200-F34C-4BBD-88DE-76F0F4D28360}.Debug|Any CPU.Build.0 = Debug|Any CPU
		{90352200-F34C-4BBD-88DE-76F0F4D28360}.Debug|x64.ActiveCfg = Debug|Any CPU
		{90352200-F34C-4BBD-88DE-76F0F4D28360}.Debug|x64.Build.0 = Debug|Any CPU
		{90352200-F34C-4BBD-88DE-76F0F4D28360}.Debug|x86.ActiveCfg = Debug|Any CPU
		{90352200-F34C-4BBD-88DE-76F0F4D28360}.Debug|x86.Build.0 = Debug|Any CPU
		{90352200-F34C-4BBD-88DE-76F0F4D28360}.Release|Any CPU.ActiveCfg = Release|Any CPU
		{90352200-F34C-4BBD-88DE-76F0F4D28360}.Release|Any CPU.Build.0 = Release|Any CPU
		{90352200-F34C-4BBD-88DE-76F0F4D28360}.Release|x64.ActiveCfg = Release|Any CPU
		{90352200-F34C-4BBD-88DE-76F0F4D28360}.Release|x64.Build.0 = Release|Any CPU
		{90352200-F34C-4BBD-88DE-76F0F4D28360}.Release|x86.ActiveCfg = Release|Any CPU
		{90352200-F34C-4BBD-88DE-76F0F4D28360}.Release|x86.Build.0 = Release|Any CPU
		{75FDECC1-6CC9-4AC0-9FDE-32BD8168B98A}.Debug|Any CPU.ActiveCfg = Debug|Any CPU
		{75FDECC1-6CC9-4AC0-9FDE-32BD8168B98A}.Debug|Any CPU.Build.0 = Debug|Any CPU
		{75FDECC1-6CC9-4AC0-9FDE-32BD8168B98A}.Debug|x64.ActiveCfg = Debug|Any CPU
		{75FDECC1-6CC9-4AC0-9FDE-32BD8168B98A}.Debug|x64.Build.0 = Debug|Any CPU
		{75FDECC1-6CC9-4AC0-9FDE-32BD8168B98A}.Debug|x86.ActiveCfg = Debug|Any CPU
		{75FDECC1-6CC9-4AC0-9FDE-32BD8168B98A}.Debug|x86.Build.0 = Debug|Any CPU
		{75FDECC1-6CC9-4AC0-9FDE-32BD8168B98A}.Release|Any CPU.ActiveCfg = Release|Any CPU
		{75FDECC1-6CC9-4AC0-9FDE-32BD8168B98A}.Release|Any CPU.Build.0 = Release|Any CPU
		{75FDECC1-6CC9-4AC0-9FDE-32BD8168B98A}.Release|x64.ActiveCfg = Release|Any CPU
		{75FDECC1-6CC9-4AC0-9FDE-32BD8168B98A}.Release|x64.Build.0 = Release|Any CPU
		{75FDECC1-6CC9-4AC0-9FDE-32BD8168B98A}.Release|x86.ActiveCfg = Release|Any CPU
		{75FDECC1-6CC9-4AC0-9FDE-32BD8168B98A}.Release|x86.Build.0 = Release|Any CPU
		{A03AFB2B-6BD5-413E-88B3-39C18E1AE3E4}.Debug|Any CPU.ActiveCfg = Debug|Any CPU
		{A03AFB2B-6BD5-413E-88B3-39C18E1AE3E4}.Debug|Any CPU.Build.0 = Debug|Any CPU
		{A03AFB2B-6BD5-413E-88B3-39C18E1AE3E4}.Debug|x64.ActiveCfg = Debug|Any CPU
		{A03AFB2B-6BD5-413E-88B3-39C18E1AE3E4}.Debug|x64.Build.0 = Debug|Any CPU
		{A03AFB2B-6BD5-413E-88B3-39C18E1AE3E4}.Debug|x86.ActiveCfg = Debug|Any CPU
		{A03AFB2B-6BD5-413E-88B3-39C18E1AE3E4}.Debug|x86.Build.0 = Debug|Any CPU
		{A03AFB2B-6BD5-413E-88B3-39C18E1AE3E4}.Release|Any CPU.ActiveCfg = Release|Any CPU
		{A03AFB2B-6BD5-413E-88B3-39C18E1AE3E4}.Release|Any CPU.Build.0 = Release|Any CPU
		{A03AFB2B-6BD5-413E-88B3-39C18E1AE3E4}.Release|x64.ActiveCfg = Release|Any CPU
		{A03AFB2B-6BD5-413E-88B3-39C18E1AE3E4}.Release|x64.Build.0 = Release|Any CPU
		{A03AFB2B-6BD5-413E-88B3-39C18E1AE3E4}.Release|x86.ActiveCfg = Release|Any CPU
		{A03AFB2B-6BD5-413E-88B3-39C18E1AE3E4}.Release|x86.Build.0 = Release|Any CPU
		{041807D0-7012-45FC-A174-D6F8EE596F1D}.Debug|Any CPU.ActiveCfg = Debug|Any CPU
		{041807D0-7012-45FC-A174-D6F8EE596F1D}.Debug|Any CPU.Build.0 = Debug|Any CPU
		{041807D0-7012-45FC-A174-D6F8EE596F1D}.Debug|x64.ActiveCfg = Debug|Any CPU
		{041807D0-7012-45FC-A174-D6F8EE596F1D}.Debug|x64.Build.0 = Debug|Any CPU
		{041807D0-7012-45FC-A174-D6F8EE596F1D}.Debug|x86.ActiveCfg = Debug|Any CPU
		{041807D0-7012-45FC-A174-D6F8EE596F1D}.Debug|x86.Build.0 = Debug|Any CPU
		{041807D0-7012-45FC-A174-D6F8EE596F1D}.Release|Any CPU.ActiveCfg = Release|Any CPU
		{041807D0-7012-45FC-A174-D6F8EE596F1D}.Release|Any CPU.Build.0 = Release|Any CPU
		{041807D0-7012-45FC-A174-D6F8EE596F1D}.Release|x64.ActiveCfg = Release|Any CPU
		{041807D0-7012-45FC-A174-D6F8EE596F1D}.Release|x64.Build.0 = Release|Any CPU
		{041807D0-7012-45FC-A174-D6F8EE596F1D}.Release|x86.ActiveCfg = Release|Any CPU
		{041807D0-7012-45FC-A174-D6F8EE596F1D}.Release|x86.Build.0 = Release|Any CPU
		{5E41780D-BC55-4665-927D-7815BDA2631D}.Debug|Any CPU.ActiveCfg = Debug|Any CPU
		{5E41780D-BC55-4665-927D-7815BDA2631D}.Debug|Any CPU.Build.0 = Debug|Any CPU
		{5E41780D-BC55-4665-927D-7815BDA2631D}.Debug|x64.ActiveCfg = Debug|Any CPU
		{5E41780D-BC55-4665-927D-7815BDA2631D}.Debug|x64.Build.0 = Debug|Any CPU
		{5E41780D-BC55-4665-927D-7815BDA2631D}.Debug|x86.ActiveCfg = Debug|Any CPU
		{5E41780D-BC55-4665-927D-7815BDA2631D}.Debug|x86.Build.0 = Debug|Any CPU
		{5E41780D-BC55-4665-927D-7815BDA2631D}.Release|Any CPU.ActiveCfg = Release|Any CPU
		{5E41780D-BC55-4665-927D-7815BDA2631D}.Release|Any CPU.Build.0 = Release|Any CPU
		{5E41780D-BC55-4665-927D-7815BDA2631D}.Release|x64.ActiveCfg = Release|Any CPU
		{5E41780D-BC55-4665-927D-7815BDA2631D}.Release|x64.Build.0 = Release|Any CPU
		{5E41780D-BC55-4665-927D-7815BDA2631D}.Release|x86.ActiveCfg = Release|Any CPU
		{5E41780D-BC55-4665-927D-7815BDA2631D}.Release|x86.Build.0 = Release|Any CPU
		{72C32713-EAA7-4A67-81BC-4F9D3BB30586}.Debug|Any CPU.ActiveCfg = Debug|Any CPU
		{72C32713-EAA7-4A67-81BC-4F9D3BB30586}.Debug|Any CPU.Build.0 = Debug|Any CPU
		{72C32713-EAA7-4A67-81BC-4F9D3BB30586}.Debug|x64.ActiveCfg = Debug|Any CPU
		{72C32713-EAA7-4A67-81BC-4F9D3BB30586}.Debug|x64.Build.0 = Debug|Any CPU
		{72C32713-EAA7-4A67-81BC-4F9D3BB30586}.Debug|x86.ActiveCfg = Debug|Any CPU
		{72C32713-EAA7-4A67-81BC-4F9D3BB30586}.Debug|x86.Build.0 = Debug|Any CPU
		{72C32713-EAA7-4A67-81BC-4F9D3BB30586}.Release|Any CPU.ActiveCfg = Release|Any CPU
		{72C32713-EAA7-4A67-81BC-4F9D3BB30586}.Release|Any CPU.Build.0 = Release|Any CPU
		{72C32713-EAA7-4A67-81BC-4F9D3BB30586}.Release|x64.ActiveCfg = Release|Any CPU
		{72C32713-EAA7-4A67-81BC-4F9D3BB30586}.Release|x64.Build.0 = Release|Any CPU
		{72C32713-EAA7-4A67-81BC-4F9D3BB30586}.Release|x86.ActiveCfg = Release|Any CPU
		{72C32713-EAA7-4A67-81BC-4F9D3BB30586}.Release|x86.Build.0 = Release|Any CPU
		{853A8160-8A67-45C2-B003-3B75EA38E309}.Debug|Any CPU.ActiveCfg = Debug|Any CPU
		{853A8160-8A67-45C2-B003-3B75EA38E309}.Debug|Any CPU.Build.0 = Debug|Any CPU
		{853A8160-8A67-45C2-B003-3B75EA38E309}.Debug|x64.ActiveCfg = Debug|Any CPU
		{853A8160-8A67-45C2-B003-3B75EA38E309}.Debug|x64.Build.0 = Debug|Any CPU
		{853A8160-8A67-45C2-B003-3B75EA38E309}.Debug|x86.ActiveCfg = Debug|Any CPU
		{853A8160-8A67-45C2-B003-3B75EA38E309}.Debug|x86.Build.0 = Debug|Any CPU
		{853A8160-8A67-45C2-B003-3B75EA38E309}.Release|Any CPU.ActiveCfg = Release|Any CPU
		{853A8160-8A67-45C2-B003-3B75EA38E309}.Release|Any CPU.Build.0 = Release|Any CPU
		{853A8160-8A67-45C2-B003-3B75EA38E309}.Release|x64.ActiveCfg = Release|Any CPU
		{853A8160-8A67-45C2-B003-3B75EA38E309}.Release|x64.Build.0 = Release|Any CPU
		{853A8160-8A67-45C2-B003-3B75EA38E309}.Release|x86.ActiveCfg = Release|Any CPU
		{853A8160-8A67-45C2-B003-3B75EA38E309}.Release|x86.Build.0 = Release|Any CPU
		{E3E6DC79-BA5F-4FAF-8D17-236DCD672B5C}.Debug|Any CPU.ActiveCfg = Debug|Any CPU
		{E3E6DC79-BA5F-4FAF-8D17-236DCD672B5C}.Debug|Any CPU.Build.0 = Debug|Any CPU
		{E3E6DC79-BA5F-4FAF-8D17-236DCD672B5C}.Debug|x64.ActiveCfg = Debug|Any CPU
		{E3E6DC79-BA5F-4FAF-8D17-236DCD672B5C}.Debug|x64.Build.0 = Debug|Any CPU
		{E3E6DC79-BA5F-4FAF-8D17-236DCD672B5C}.Debug|x86.ActiveCfg = Debug|Any CPU
		{E3E6DC79-BA5F-4FAF-8D17-236DCD672B5C}.Debug|x86.Build.0 = Debug|Any CPU
		{E3E6DC79-BA5F-4FAF-8D17-236DCD672B5C}.Release|Any CPU.ActiveCfg = Release|Any CPU
		{E3E6DC79-BA5F-4FAF-8D17-236DCD672B5C}.Release|Any CPU.Build.0 = Release|Any CPU
		{E3E6DC79-BA5F-4FAF-8D17-236DCD672B5C}.Release|x64.ActiveCfg = Release|Any CPU
		{E3E6DC79-BA5F-4FAF-8D17-236DCD672B5C}.Release|x64.Build.0 = Release|Any CPU
		{E3E6DC79-BA5F-4FAF-8D17-236DCD672B5C}.Release|x86.ActiveCfg = Release|Any CPU
		{E3E6DC79-BA5F-4FAF-8D17-236DCD672B5C}.Release|x86.Build.0 = Release|Any CPU
	EndGlobalSection
	GlobalSection(SolutionProperties) = preSolution
		HideSolutionNode = FALSE
	EndGlobalSection
	GlobalSection(NestedProjects) = preSolution
		{8651AD9E-78A1-4E46-B08F-81092536AF51} = {816B1D9A-2553-4D6C-9E13-8915A621A2AD}
		{D5794A5F-6FB7-4D89-9E4C-EA75F062A4D4} = {B18B634E-B27D-4FE1-9F78-64917FA792A6}
		{52DA5E6D-0286-40DC-80CE-35244D9C0C69} = {3ED458B1-445B-4C71-82DF-F39D3761D686}
		{DE094A89-C554-4E3A-9529-77BB2F8DDA66} = {3ED458B1-445B-4C71-82DF-F39D3761D686}
		{3BDCB614-E718-44F0-9E4F-46E771B9578F} = {3ED458B1-445B-4C71-82DF-F39D3761D686}
		{C4B5C269-1F6C-424D-B430-A060030BB1F3} = {E7DC083D-1D58-497A-B38D-134BDCE640DB}
		{6D1D9882-81AC-40B3-A5F7-9B4DC97958AD} = {C4B5C269-1F6C-424D-B430-A060030BB1F3}
		{127D5A34-FE3A-4C79-9F47-82144B6964A9} = {E7DC083D-1D58-497A-B38D-134BDCE640DB}
		{88002699-4740-4780-B8F6-A776C8387689} = {127D5A34-FE3A-4C79-9F47-82144B6964A9}
		{7537AE26-D737-45DE-AC63-0EE3A046C15D} = {127D5A34-FE3A-4C79-9F47-82144B6964A9}
		{A07C2C3C-F930-423E-BD52-DFD4E8CAD7C8} = {127D5A34-FE3A-4C79-9F47-82144B6964A9}
		{90352200-F34C-4BBD-88DE-76F0F4D28360} = {127D5A34-FE3A-4C79-9F47-82144B6964A9}
		{75FDECC1-6CC9-4AC0-9FDE-32BD8168B98A} = {3ED458B1-445B-4C71-82DF-F39D3761D686}
		{A03AFB2B-6BD5-413E-88B3-39C18E1AE3E4} = {B18B634E-B27D-4FE1-9F78-64917FA792A6}
		{767183C9-D6D3-479E-BAEC-EB6887D26510} = {AA3D2111-12E3-40D2-859B-8399D87D395E}
		{041807D0-7012-45FC-A174-D6F8EE596F1D} = {B16A8439-9B46-42B0-AD0B-DF7C117F6076}
		{5E41780D-BC55-4665-927D-7815BDA2631D} = {1AA477A3-4ADF-4D39-8FC0-C1B63AB051ED}
		{72C32713-EAA7-4A67-81BC-4F9D3BB30586} = {A5667EB4-15A6-4072-A745-9EFDC91DD0DE}
		{B16A8439-9B46-42B0-AD0B-DF7C117F6076} = {767183C9-D6D3-479E-BAEC-EB6887D26510}
		{1AA477A3-4ADF-4D39-8FC0-C1B63AB051ED} = {767183C9-D6D3-479E-BAEC-EB6887D26510}
		{A5667EB4-15A6-4072-A745-9EFDC91DD0DE} = {767183C9-D6D3-479E-BAEC-EB6887D26510}
		{DDEFE642-037E-4317-8336-F7598859773C} = {767183C9-D6D3-479E-BAEC-EB6887D26510}
		{853A8160-8A67-45C2-B003-3B75EA38E309} = {DDEFE642-037E-4317-8336-F7598859773C}
		{BF5D7F6B-30F6-44EF-A86E-42B008873639} = {767183C9-D6D3-479E-BAEC-EB6887D26510}
		{E3E6DC79-BA5F-4FAF-8D17-236DCD672B5C} = {BF5D7F6B-30F6-44EF-A86E-42B008873639}
	EndGlobalSection
	GlobalSection(ExtensibilityGlobals) = postSolution
		SolutionGuid = {C89EFC54-3290-4ED3-9AA3-A9395FB7DB80}
	EndGlobalSection
EndGlobal
